autoconf=2.71-3
automake=1:1.16.5-1.3
bash=5.2.15-2+b13
build-essential=12.9
bzip2=1.0.8-5+b1
ca-certificates=20250419~deb12u1
cmake=3.25.1-1
coreutils=9.1-1
curl=7.88.1-10+deb12u15
ffmpeg=7:5.1.9-0+deb12u1
file=1:5.44-3
git=1:2.39.5-0+deb12u3
git-flow=1.12.3-3
git-lfs=3.3.0-1+deb12u1
grep=3.8-5
groff-base=1.22.4-10
gzip=1.12-1
imagemagick=8:6.9.11.60+dfsg-1.6+deb12u13
jq=1.6-2.1+deb12u2
less=590-2.1~deb12u2
libbz2-dev=1.0.8-5+b1
libcurl4-openssl-dev=7.88.1-10+deb12u15
libgmp-dev=2:6.2.1+dfsg1-1.1
libicu-dev=72.1-3+deb12u1
libjpeg-dev=1:2.1.5-2
libonig-dev=6.9.8-1
libpng-dev=1.6.39-2+deb12u5
libpq-dev=15.19-0+deb12u1
libreadline-dev=8.2-1.3
libsasl2-dev=2.1.28+dfsg-10
libsqlite3-dev=3.40.1-2+deb12u2
libssl-dev=3.0.20-1~deb12u2
libtool=2.4.7-7~deb12u1
libwebp-dev=1.2.4-0.2+deb12u1
libxml2-dev=2.9.14+dfsg-1.3~deb12u6
libxslt1-dev=1.1.35-1+deb12u4
libzip-dev=1.7.3-1+b1
libzstd-dev=1.5.4+dfsg2-5
openssh-client=1:9.2p1-2+deb12u10
pandoc=2.17.1.1-2~deb12u1
pipx=1.1.0-1
pkg-config=1.8.1-1
poppler-utils=22.12.0-2+deb12u3
procps=2:4.0.2-3
python3=3.11.2-1+b1
python3-pip=23.0.1+dfsg-1
python3-venv=3.11.2-1+b1
re2c=3.0-2
shellcheck=0.9.0-1
tar=1.34+dfsg-1.2+deb12u1
tree=2.1.0-1
unzip=6.0-28+deb12u1
vim=2:9.0.1378-2+deb12u2
xz-utils=5.4.1-1+deb12u1
zip=3.0-13
zlib1g-dev=1:1.2.13.dfsg-1
